// !$*UTF8*$!
{
	archiveVersion = 1;
	classes = {
	};
	objectVersion = 77;
	objects = {

/* Begin PBXBuildFile section */
		2FAD64E62CC2299400C3C4CB /* DifferenceKit in Frameworks */ = {isa = PBXBuildFile; productRef = 2FAD64E52CC2299400C3C4CB /* DifferenceKit */; };
		2FAD651A2CC2735400C3C4CB /* SDWebImage in Frameworks */ = {isa = PBXBuildFile; productRef = 2FAD65192CC2735400C3C4CB /* SDWebImage */; };
		2FAD651C2CC2735400C3C4CB /* SDWebImageMapKit in Frameworks */ = {isa = PBXBuildFile; productRef = 2FAD651B2CC2735400C3C4CB /* SDWebImageMapKit */; };
		2FAD69A42CCA329200C3C4CB /* ChatLayout in Frameworks */ = {isa = PBXBuildFile; productRef = 2FAD69A32CCA329200C3C4CB /* ChatLayout */; };
		2FAD69A62CCA329200C3C4CB /* ChatLayoutStatic in Frameworks */ = {isa = PBXBuildFile; productRef = 2FAD69A52CCA329200C3C4CB /* ChatLayoutStatic */; };
/* End PBXBuildFile section */

/* Begin PBXContainerItemProxy section */
		2F7B4F272CC20E280058D618 /* PBXContainerItemProxy */ = {
			isa = PBXContainerItemProxy;
			containerPortal = 2F7B4F052CC20E230058D618 /* Project object */;
			proxyType = 1;
			remoteGlobalIDString = 2F7B4F0C2CC20E230058D618;
			remoteInfo = ChatApp;
		};
		2F7B4F312CC20E280058D618 /* PBXContainerItemProxy */ = {
			isa = PBXContainerItemProxy;
			containerPortal = 2F7B4F052CC20E230058D618 /* Project object */;
			proxyType = 1;
			remoteGlobalIDString = 2F7B4F0C2CC20E230058D618;
			remoteInfo = ChatApp;
		};
/* End PBXContainerItemProxy section */

/* Begin PBXFileReference section */
		2F7B4F0D2CC20E230058D618 /* ChatApp.app */ = {isa = PBXFileReference; explicitFileType = wrapper.application; includeInIndex = 0; path = ChatApp.app; sourceTree = BUILT_PRODUCTS_DIR; };
		2F7B4F262CC20E280058D618 /* ChatAppTests.xctest */ = {isa = PBXFileReference; explicitFileType = wrapper.cfbundle; includeInIndex = 0; path = ChatAppTests.xctest; sourceTree = BUILT_PRODUCTS_DIR; };
		2F7B4F302CC20E280058D618 /* ChatAppUITests.xctest */ = {isa = PBXFileReference; explicitFileType = wrapper.cfbundle; includeInIndex = 0; path = ChatAppUITests.xctest; sourceTree = BUILT_PRODUCTS_DIR; };
/* End PBXFileReference section */

/* Begin PBXFileSystemSynchronizedBuildFileExceptionSet section */
		2F7B4F382CC20E280058D618 /* Exceptions for "ChatApp" folder in "ChatApp" target */ = {
			isa = PBXFileSystemSynchronizedBuildFileExceptionSet;
			membershipExceptions = (
				Info.plist,
			);
			target = 2F7B4F0C2CC20E230058D618 /* ChatApp */;
		};
/* End PBXFileSystemSynchronizedBuildFileExceptionSet section */

/* Begin PBXFileSystemSynchronizedRootGroup section */
		2F7B4F0F2CC20E230058D618 /* ChatApp */ = {
			isa = PBXFileSystemSynchronizedRootGroup;
			exceptions = (
				2F7B4F382CC20E280058D618 /* Exceptions for "ChatApp" folder in "ChatApp" target */,
			);
			path = ChatApp;
			sourceTree = "<group>";
		};
		2F7B4F292CC20E280058D618 /* ChatAppTests */ = {
			isa = PBXFileSystemSynchronizedRootGroup;
			path = ChatAppTests;
			sourceTree = "<group>";
		};
		2F7B4F332CC20E280058D618 /* ChatAppUITests */ = {
			isa = PBXFileSystemSynchronizedRootGroup;
			path = ChatAppUITests;
			sourceTree = "<group>";
		};
/* End PBXFileSystemSynchronizedRootGroup section */

/* Begin PBXFrameworksBuildPhase section */
		2F7B4F0A2CC20E230058D618 /* Frameworks */ = {
			isa = PBXFrameworksBuildPhase;
			buildActionMask = 2147483647;
			files = (
				2FAD69A42CCA329200C3C4CB /* ChatLayout in Frameworks */,
				2FAD64E62CC2299400C3C4CB /* DifferenceKit in Frameworks */,
				2FAD651A2CC2735400C3C4CB /* SDWebImage in Frameworks */,
				2FAD69A62CCA329200C3C4CB /* ChatLayoutStatic in Frameworks */,
				2FAD651C2CC2735400C3C4CB /* SDWebImageMapKit in Frameworks */,
			);
			runOnlyForDeploymentPostprocessing = 0;
		};
		2F7B4F232CC20E280058D618 /* Frameworks */ = {
			isa = PBXFrameworksBuildPhase;
			buildActionMask = 2147483647;
			files = (
			);
			runOnlyForDeploymentPostprocessing = 0;
		};
		2F7B4F2D2CC20E280058D618 /* Frameworks */ = {
			isa = PBXFrameworksBuildPhase;
			buildActionMask = 2147483647;
			files = (
			);
			runOnlyForDeploymentPostprocessing = 0;
		};
/* End PBXFrameworksBuildPhase section */

/* Begin PBXGroup section */
		2F7B4F042CC20E230058D618 = {
			isa = PBXGroup;
			children = (
				2F7B4F0F2CC20E230058D618 /* ChatApp */,
				2F7B4F292CC20E280058D618 /* ChatAppTests */,
				2F7B4F332CC20E280058D618 /* ChatAppUITests */,
				2F7B4F0E2CC20E230058D618 /* Products */,
			);
			sourceTree = "<group>";
		};
		2F7B4F0E2CC20E230058D618 /* Products */ = {
			isa = PBXGroup;
			children = (
				2F7B4F0D2CC20E230058D618 /* ChatApp.app */,
				2F7B4F262CC20E280058D618 /* ChatAppTests.xctest */,
				2F7B4F302CC20E280058D618 /* ChatAppUITests.xctest */,
			);
			name = Products;
			sourceTree = "<group>";
		};
/* End PBXGroup section */

/* Begin PBXNativeTarget section */
		2F7B4F0C2CC20E230058D618 /* ChatApp */ = {
			isa = PBXNativeTarget;
			buildConfigurationList = 2F7B4F392CC20E280058D618 /* Build configuration list for PBXNativeTarget "ChatApp" */;
			buildPhases = (
				2F7B4F092CC20E230058D618 /* Sources */,
				2F7B4F0A2CC20E230058D618 /* Frameworks */,
				2F7B4F0B2CC20E230058D618 /* Resources */,
			);
			buildRules = (
			);
			dependencies = (
			);
			fileSystemSynchronizedGroups = (
				2F7B4F0F2CC20E230058D618 /* ChatApp */,
			);
			name = ChatApp;
			packageProductDependencies = (
				2FAD64E52CC2299400C3C4CB /* DifferenceKit */,
				2FAD65192CC2735400C3C4CB /* SDWebImage */,
				2FAD651B2CC2735400C3C4CB /* SDWebImageMapKit */,
				2FAD69A32CCA329200C3C4CB /* ChatLayout */,
				2FAD69A52CCA329200C3C4CB /* ChatLayoutStatic */,
			);
			productName = ChatApp;
			productReference = 2F7B4F0D2CC20E230058D618 /* ChatApp.app */;
			productType = "com.apple.product-type.application";
		};
		2F7B4F252CC20E280058D618 /* ChatAppTests */ = {
			isa = PBXNativeTarget;
			buildConfigurationList = 2F7B4F3E2CC20E280058D618 /* Build configuration list for PBXNativeTarget "ChatAppTests" */;
			buildPhases = (
				2F7B4F222CC20E280058D618 /* Sources */,
				2F7B4F232CC20E280058D618 /* Frameworks */,
				2F7B4F242CC20E280058D618 /* Resources */,
			);
			buildRules = (
			);
			dependencies = (
				2F7B4F282CC20E280058D618 /* PBXTargetDependency */,
			);
			fileSystemSynchronizedGroups = (
				2F7B4F292CC20E280058D618 /* ChatAppTests */,
			);
			name = ChatAppTests;
			packageProductDependencies = (
			);
			productName = ChatAppTests;
			productReference = 2F7B4F262CC20E280058D618 /* ChatAppTests.xctest */;
			productType = "com.apple.product-type.bundle.unit-test";
		};
		2F7B4F2F2CC20E280058D618 /* ChatAppUITests */ = {
			isa = PBXNativeTarget;
			buildConfigurationList = 2F7B4F412CC20E280058D618 /* Build configuration list for PBXNativeTarget "ChatAppUITests" */;
			buildPhases = (
				2F7B4F2C2CC20E280058D618 /* Sources */,
				2F7B4F2D2CC20E280058D618 /* Frameworks */,
				2F7B4F2E2CC20E280058D618 /* Resources */,
			);
			buildRules = (
			);
			dependencies = (
				2F7B4F322CC20E280058D618 /* PBXTargetDependency */,
			);
			fileSystemSynchronizedGroups = (
				2F7B4F332CC20E280058D618 /* ChatAppUITests */,
			);
			name = ChatAppUITests;
			packageProductDependencies = (
			);
			productName = ChatAppUITests;
			productReference = 2F7B4F302CC20E280058D618 /* ChatAppUITests.xctest */;
			productType = "com.apple.product-type.bundle.ui-testing";
		};
/* End PBXNativeTarget section */

/* Begin PBXProject section */
		2F7B4F052CC20E230058D618 /* Project object */ = {
			isa = PBXProject;
			attributes = {
				BuildIndependentTargetsInParallel = 1;
				LastSwiftUpdateCheck = 1600;
				LastUpgradeCheck = 1600;
				TargetAttributes = {
					2F7B4F0C2CC20E230058D618 = {
						CreatedOnToolsVersion = 16.0;
					};
					2F7B4F252CC20E280058D618 = {
						CreatedOnToolsVersion = 16.0;
						TestTargetID = 2F7B4F0C2CC20E230058D618;
					};
					2F7B4F2F2CC20E280058D618 = {
						CreatedOnToolsVersion = 16.0;
						TestTargetID = 2F7B4F0C2CC20E230058D618;
					};
				};
			};
			buildConfigurationList = 2F7B4F082CC20E230058D618 /* Build configuration list for PBXProject "ChatApp" */;
			developmentRegion = en;
			hasScannedForEncodings = 0;
			knownRegions = (
				en,
				Base,
			);
			mainGroup = 2F7B4F042CC20E230058D618;
			minimizedProjectReferenceProxies = 1;
			packageReferences = (
				2FAD64E42CC2299400C3C4CB /* XCRemoteSwiftPackageReference "DifferenceKit" */,
				2FAD65182CC2735400C3C4CB /* XCRemoteSwiftPackageReference "SDWebImage" */,
				2FAD69A22CCA329200C3C4CB /* XCRemoteSwiftPackageReference "ChatLayout" */,
			);
			preferredProjectObjectVersion = 77;
			productRefGroup = 2F7B4F0E2CC20E230058D618 /* Products */;
			projectDirPath = "";
			projectRoot = "";
			targets = (
				2F7B4F0C2CC20E230058D618 /* ChatApp */,
				2F7B4F252CC20E280058D618 /* ChatAppTests */,
				2F7B4F2F2CC20E280058D618 /* ChatAppUITests */,
			);
		};
/* End PBXProject section */

/* Begin PBXResourcesBuildPhase section */
		2F7B4F0B2CC20E230058D618 /* Resources */ = {
			isa = PBXResourcesBuildPhase;
			buildActionMask = 2147483647;
			files = (
			);
			runOnlyForDeploymentPostprocessing = 0;
		};
		2F7B4F242CC20E280058D618 /* Resources */ = {
			isa = PBXResourcesBuildPhase;
			buildActionMask = 2147483647;
			files = (
			);
			runOnlyForDeploymentPostprocessing = 0;
		};
		2F7B4F2E2CC20E280058D618 /* Resources */ = {
			isa = PBXResourcesBuildPhase;
			buildActionMask = 2147483647;
			files = (
			);
			runOnlyForDeploymentPostprocessing = 0;
		};
/* End PBXResourcesBuildPhase section */

/* Begin PBXSourcesBuildPhase section */
		2F7B4F092CC20E230058D618 /* Sources */ = {
			isa = PBXSourcesBuildPhase;
			buildActionMask = 2147483647;
			files = (
			);
			runOnlyForDeploymentPostprocessing = 0;
		};
		2F7B4F222CC20E280058D618 /* Sources */ = {
			isa = PBXSourcesBuildPhase;
			buildActionMask = 2147483647;
			files = (
			);
			runOnlyForDeploymentPostprocessing = 0;
		};
		2F7B4F2C2CC20E280058D618 /* Sources */ = {
			isa = PBXSourcesBuildPhase;
			buildActionMask = 2147483647;
			files = (
			);
			runOnlyForDeploymentPostprocessing = 0;
		};
/* End PBXSourcesBuildPhase section */

/* Begin PBXTargetDependency section */
		2F7B4F282CC20E280058D618 /* PBXTargetDependency */ = {
			isa = PBXTargetDependency;
			target = 2F7B4F0C2CC20E230058D618 /* ChatApp */;
			targetProxy = 2F7B4F272CC20E280058D618 /* PBXContainerItemProxy */;
		};
		2F7B4F322CC20E280058D618 /* PBXTargetDependency */ = {
			isa = PBXTargetDependency;
			target = 2F7B4F0C2CC20E230058D618 /* ChatApp */;
			targetProxy = 2F7B4F312CC20E280058D618 /* PBXContainerItemProxy */;
		};
/* End PBXTargetDependency section */

/* Begin XCBuildConfiguration section */
		2F7B4F3A2CC20E280058D618 /* Debug */ = {
			isa = XCBuildConfiguration;
			buildSettings = {
				ASSETCATALOG_COMPILER_APPICON_NAME = AppIcon;
				ASSETCATALOG_COMPILER_GLOBAL_ACCENT_COLOR_NAME = AccentColor;
				CODE_SIGN_STYLE = Automatic;
				CURRENT_PROJECT_VERSION = 1;
				DEVELOPMENT_TEAM = N6G3KTWD6A;
				GENERATE_INFOPLIST_FILE = YES;
				INFOPLIST_FILE = ChatApp/Info.plist;
				INFOPLIST_KEY_UIApplicationSupportsIndirectInputEvents = YES;
				INFOPLIST_KEY_UILaunchStoryboardName = LaunchScreen;
				INFOPLIST_KEY_UIMainStoryboardFile = Main;
				INFOPLIST_KEY_UISupportedInterfaceOrientations_iPad = "UIInterfaceOrientationPortrait UIInterfaceOrientationPortraitUpsideDown UIInterfaceOrientationLandscapeLeft UIInterfaceOrientationLandscapeRight";
				INFOPLIST_KEY_UISupportedInterfaceOrientations_iPhone = "UIInterfaceOrientationPortrait UIInterfaceOrientationLandscapeLeft UIInterfaceOrientationLandscapeRight";
				LD_RUNPATH_SEARCH_PATHS = (
					"$(inherited)",
					"@executable_path/Frameworks",
				);
				MARKETING_VERSION = 1.0;
				PRODUCT_BUNDLE_IDENTIFIER = ListProject.ChatApp;
				PRODUCT_NAME = "$(TARGET_NAME)";
				SWIFT_EMIT_LOC_STRINGS = YES;
				SWIFT_VERSION = 5.0;
				TARGETED_DEVICE_FAMILY = "1,2";
			};
			name = Debug;
		};
		2F7B4F3B2CC20E280058D618 /* Release */ = {
			isa = XCBuildConfiguration;
			buildSettings = {
				ASSETCATALOG_COMPILER_APPICON_NAME = AppIcon;
				ASSETCATALOG_COMPILER_GLOBAL_ACCENT_COLOR_NAME = AccentColor;
				CODE_SIGN_STYLE = Automatic;
				CURRENT_PROJECT_VERSION = 1;
				DEVELOPMENT_TEAM = N6G3KTWD6A;
				GENERATE_INFOPLIST_FILE = YES;
				INFOPLIST_FILE = ChatApp/Info.plist;
				INFOPLIST_KEY_UIApplicationSupportsIndirectInputEvents = YES;
				INFOPLIST_KEY_UILaunchStoryboardName = LaunchScreen;
				INFOPLIST_KEY_UIMainStoryboardFile = Main;
				INFOPLIST_KEY_UISupportedInterfaceOrientations_iPad = "UIInterfaceOrientationPortrait UIInterfaceOrientationPortraitUpsideDown UIInterfaceOrientationLandscapeLeft UIInterfaceOrientationLandscapeRight";
				INFOPLIST_KEY_UISupportedInterfaceOrientations_iPhone = "UIInterfaceOrientationPortrait UIInterfaceOrientationLandscapeLeft UIInterfaceOrientationLandscapeRight";
				LD_RUNPATH_SEARCH_PATHS = (
					"$(inherited)",
					"@executable_path/Frameworks",
				);
				MARKETING_VERSION = 1.0;
				PRODUCT_BUNDLE_IDENTIFIER = ListProject.ChatApp;
				PRODUCT_NAME = "$(TARGET_NAME)";
				SWIFT_EMIT_LOC_STRINGS = YES;
				SWIFT_VERSION = 5.0;
				TARGETED_DEVICE_FAMILY = "1,2";
			};
			name = Release;
		};
		2F7B4F3C2CC20E280058D618 /* Debug */ = {
			isa = XCBuildConfiguration;
			buildSettings = {
				ALWAYS_SEARCH_USER_PATHS = NO;
				ASSETCATALOG_COMPILER_GENERATE_SWIFT_ASSET_SYMBOL_EXTENSIONS = YES;
				CLANG_ANALYZER_NONNULL = YES;
				CLANG_ANALYZER_NUMBER_OBJECT_CONVERSION = YES_AGGRESSIVE;
				CLANG_CXX_LANGUAGE_STANDARD = "gnu++20";
				CLANG_ENABLE_MODULES = YES;
				CLANG_ENABLE_OBJC_ARC = YES;
				CLANG_ENABLE_OBJC_WEAK = YES;
				CLANG_WARN_BLOCK_CAPTURE_AUTORELEASING = YES;
				CLANG_WARN_BOOL_CONVERSION = YES;
				CLANG_WARN_COMMA = YES;
				CLANG_WARN_CONSTANT_CONVERSION = YES;
				CLANG_WARN_DEPRECATED_OBJC_IMPLEMENTATIONS = YES;
				CLANG_WARN_DIRECT_OBJC_ISA_USAGE = YES_ERROR;
				CLANG_WARN_DOCUMENTATION_COMMENTS = YES;
				CLANG_WARN_EMPTY_BODY = YES;
				CLANG_WARN_ENUM_CONVERSION = YES;
				CLANG_WARN_INFINITE_RECURSION = YES;
				CLANG_WARN_INT_CONVERSION = YES;
				CLANG_WARN_NON_LITERAL_NULL_CONVERSION = YES;
				CLANG_WARN_OBJC_IMPLICIT_RETAIN_SELF = YES;
				CLANG_WARN_OBJC_LITERAL_CONVERSION = YES;
				CLANG_WARN_OBJC_ROOT_CLASS = YES_ERROR;
				CLANG_WARN_QUOTED_INCLUDE_IN_FRAMEWORK_HEADER = YES;
				CLANG_WARN_RANGE_LOOP_ANALYSIS = YES;
				CLANG_WARN_STRICT_PROTOTYPES = YES;
				CLANG_WARN_SUSPICIOUS_MOVE = YES;
				CLANG_WARN_UNGUARDED_AVAILABILITY = YES_AGGRESSIVE;
				CLANG_WARN_UNREACHABLE_CODE = YES;
				CLANG_WARN__DUPLICATE_METHOD_MATCH = YES;
				COPY_PHASE_STRIP = NO;
				DEBUG_INFORMATION_FORMAT = dwarf;
				ENABLE_STRICT_OBJC_MSGSEND = YES;
				ENABLE_TESTABILITY = YES;
				ENABLE_USER_SCRIPT_SANDBOXING = YES;
				GCC_C_LANGUAGE_STANDARD = gnu17;
				GCC_DYNAMIC_NO_PIC = NO;
				GCC_NO_COMMON_BLOCKS = YES;
				GCC_OPTIMIZATION_LEVEL = 0;
				GCC_PREPROCESSOR_DEFINITIONS = (
					"DEBUG=1",
					"$(inherited)",
				);
				GCC_WARN_64_TO_32_BIT_CONVERSION = YES;
				GCC_WARN_ABOUT_RETURN_TYPE = YES_ERROR;
				GCC_WARN_UNDECLARED_SELECTOR = YES;
				GCC_WARN_UNINITIALIZED_AUTOS = YES_AGGRESSIVE;
				GCC_WARN_UNUSED_FUNCTION = YES;
				GCC_WARN_UNUSED_VARIABLE = YES;
				IPHONEOS_DEPLOYMENT_TARGET = 18.0;
				LOCALIZATION_PREFERS_STRING_CATALOGS = YES;
				MTL_ENABLE_DEBUG_INFO = INCLUDE_SOURCE;
				MTL_FAST_MATH = YES;
				ONLY_ACTIVE_ARCH = YES;
				SDKROOT = iphoneos;
				SWIFT_ACTIVE_COMPILATION_CONDITIONS = "DEBUG $(inherited)";
				SWIFT_OPTIMIZATION_LEVEL = "-Onone";
			};
			name = Debug;
		};
		2F7B4F3D2CC20E280058D618 /* Release */ = {
			isa = XCBuildConfiguration;
			buildSettings = {
				ALWAYS_SEARCH_USER_PATHS = NO;
				ASSETCATALOG_COMPILER_GENERATE_SWIFT_ASSET_SYMBOL_EXTENSIONS = YES;
				CLANG_ANALYZER_NONNULL = YES;
				CLANG_ANALYZER_NUMBER_OBJECT_CONVERSION = YES_AGGRESSIVE;
				CLANG_CXX_LANGUAGE_STANDARD = "gnu++20";
				CLANG_ENABLE_MODULES = YES;
				CLANG_ENABLE_OBJC_ARC = YES;
				CLANG_ENABLE_OBJC_WEAK = YES;
				CLANG_WARN_BLOCK_CAPTURE_AUTORELEASING = YES;
				CLANG_WARN_BOOL_CONVERSION = YES;
				CLANG_WARN_COMMA = YES;
				CLANG_WARN_CONSTANT_CONVERSION = YES;
				CLANG_WARN_DEPRECATED_OBJC_IMPLEMENTATIONS = YES;
				CLANG_WARN_DIRECT_OBJC_ISA_USAGE = YES_ERROR;
				CLANG_WARN_DOCUMENTATION_COMMENTS = YES;
				CLANG_WARN_EMPTY_BODY = YES;
				CLANG_WARN_ENUM_CONVERSION = YES;
				CLANG_WARN_INFINITE_RECURSION = YES;
				CLANG_WARN_INT_CONVERSION = YES;
				CLANG_WARN_NON_LITERAL_NULL_CONVERSION = YES;
				CLANG_WARN_OBJC_IMPLICIT_RETAIN_SELF = YES;
				CLANG_WARN_OBJC_LITERAL_CONVERSION = YES;
				CLANG_WARN_OBJC_ROOT_CLASS = YES_ERROR;
				CLANG_WARN_QUOTED_INCLUDE_IN_FRAMEWORK_HEADER = YES;
				CLANG_WARN_RANGE_LOOP_ANALYSIS = YES;
				CLANG_WARN_STRICT_PROTOTYPES = YES;
				CLANG_WARN_SUSPICIOUS_MOVE = YES;
				CLANG_WARN_UNGUARDED_AVAILABILITY = YES_AGGRESSIVE;
				CLANG_WARN_UNREACHABLE_CODE = YES;
				CLANG_WARN__DUPLICATE_METHOD_MATCH = YES;
				COPY_PHASE_STRIP = NO;
				DEBUG_INFORMATION_FORMAT = "dwarf-with-dsym";
				ENABLE_NS_ASSERTIONS = NO;
				ENABLE_STRICT_OBJC_MSGSEND = YES;
				ENABLE_USER_SCRIPT_SANDBOXING = YES;
				GCC_C_LANGUAGE_STANDARD = gnu17;
				GCC_NO_COMMON_BLOCKS = YES;
				GCC_WARN_64_TO_32_BIT_CONVERSION = YES;
				GCC_WARN_ABOUT_RETURN_TYPE = YES_ERROR;
				GCC_WARN_UNDECLARED_SELECTOR = YES;
				GCC_WARN_UNINITIALIZED_AUTOS = YES_AGGRESSIVE;
				GCC_WARN_UNUSED_FUNCTION = YES;
				GCC_WARN_UNUSED_VARIABLE = YES;
				IPHONEOS_DEPLOYMENT_TARGET = 18.0;
				LOCALIZATION_PREFERS_STRING_CATALOGS = YES;
				MTL_ENABLE_DEBUG_INFO = NO;
				MTL_FAST_MATH = YES;
				SDKROOT = iphoneos;
				SWIFT_COMPILATION_MODE = wholemodule;
				VALIDATE_PRODUCT = YES;
			};
			name = Release;
		};
		2F7B4F3F2CC20E280058D618 /* Debug */ = {
			isa = XCBuildConfiguration;
			buildSettings = {
				BUNDLE_LOADER = "$(TEST_HOST)";
				CODE_SIGN_STYLE = Automatic;
				CURRENT_PROJECT_VERSION = 1;
				GENERATE_INFOPLIST_FILE = YES;
				IPHONEOS_DEPLOYMENT_TARGET = 18.0;
				MARKETING_VERSION = 1.0;
				PRODUCT_BUNDLE_IDENTIFIER = ListProject.ChatAppTests;
				PRODUCT_NAME = "$(TARGET_NAME)";
				SWIFT_EMIT_LOC_STRINGS = NO;
				SWIFT_VERSION = 5.0;
				TARGETED_DEVICE_FAMILY = "1,2";
				TEST_HOST = "$(BUILT_PRODUCTS_DIR)/ChatApp.app/$(BUNDLE_EXECUTABLE_FOLDER_PATH)/ChatApp";
			};
			name = Debug;
		};
		2F7B4F402CC20E280058D618 /* Release */ = {
			isa = XCBuildConfiguration;
			buildSettings = {
				BUNDLE_LOADER = "$(TEST_HOST)";
				CODE_SIGN_STYLE = Automatic;
				CURRENT_PROJECT_VERSION = 1;
				GENERATE_INFOPLIST_FILE = YES;
				IPHONEOS_DEPLOYMENT_TARGET = 18.0;
				MARKETING_VERSION = 1.0;
				PRODUCT_BUNDLE_IDENTIFIER = ListProject.ChatAppTests;
				PRODUCT_NAME = "$(TARGET_NAME)";
				SWIFT_EMIT_LOC_STRINGS = NO;
				SWIFT_VERSION = 5.0;
				TARGETED_DEVICE_FAMILY = "1,2";
				TEST_HOST = "$(BUILT_PRODUCTS_DIR)/ChatApp.app/$(BUNDLE_EXECUTABLE_FOLDER_PATH)/ChatApp";
			};
			name = Release;
		};
		2F7B4F422CC20E280058D618 /* Debug */ = {
			isa = XCBuildConfiguration;
			buildSettings = {
				CODE_SIGN_STYLE = Automatic;
				CURRENT_PROJECT_VERSION = 1;
				GENERATE_INFOPLIST_FILE = YES;
				MARKETING_VERSION = 1.0;
				PRODUCT_BUNDLE_IDENTIFIER = ListProject.ChatAppUITests;
				PRODUCT_NAME = "$(TARGET_NAME)";
				SWIFT_EMIT_LOC_STRINGS = NO;
				SWIFT_VERSION = 5.0;
				TARGETED_DEVICE_FAMILY = "1,2";
				TEST_TARGET_NAME = ChatApp;
			};
			name = Debug;
		};
		2F7B4F432CC20E280058D618 /* Release */ = {
			isa = XCBuildConfiguration;
			buildSettings = {
				CODE_SIGN_STYLE = Automatic;
				CURRENT_PROJECT_VERSION = 1;
				GENERATE_INFOPLIST_FILE = YES;
				MARKETING_VERSION = 1.0;
				PRODUCT_BUNDLE_IDENTIFIER = ListProject.ChatAppUITests;
				PRODUCT_NAME = "$(TARGET_NAME)";
				SWIFT_EMIT_LOC_STRINGS = NO;
				SWIFT_VERSION = 5.0;
				TARGETED_DEVICE_FAMILY = "1,2";
				TEST_TARGET_NAME = ChatApp;
			};
			name = Release;
		};
/* End XCBuildConfiguration section */

/* Begin XCConfigurationList section */
		2F7B4F082CC20E230058D618 /* Build configuration list for PBXProject "ChatApp" */ = {
			isa = XCConfigurationList;
			buildConfigurations = (
				2F7B4F3C2CC20E280058D618 /* Debug */,
				2F7B4F3D2CC20E280058D618 /* Release */,
			);
			defaultConfigurationIsVisible = 0;
			defaultConfigurationName = Release;
		};
		2F7B4F392CC20E280058D618 /* Build configuration list for PBXNativeTarget "ChatApp" */ = {
			isa = XCConfigurationList;
			buildConfigurations = (
				2F7B4F3A2CC20E280058D618 /* Debug */,
				2F7B4F3B2CC20E280058D618 /* Release */,
			);
			defaultConfigurationIsVisible = 0;
			defaultConfigurationName = Release;
		};
		2F7B4F3E2CC20E280058D618 /* Build configuration list for PBXNativeTarget "ChatAppTests" */ = {
			isa = XCConfigurationList;
			buildConfigurations = (
				2F7B4F3F2CC20E280058D618 /* Debug */,
				2F7B4F402CC20E280058D618 /* Release */,
			);
			defaultConfigurationIsVisible = 0;
			defaultConfigurationName = Release;
		};
		2F7B4F412CC20E280058D618 /* Build configuration list for PBXNativeTarget "ChatAppUITests" */ = {
			isa = XCConfigurationList;
			buildConfigurations = (
				2F7B4F422CC20E280058D618 /* Debug */,
				2F7B4F432CC20E280058D618 /* Release */,
			);
			defaultConfigurationIsVisible = 0;
			defaultConfigurationName = Release;
		};
/* End XCConfigurationList section */

/* Begin XCRemoteSwiftPackageReference section */
		2FAD64E42CC2299400C3C4CB /* XCRemoteSwiftPackageReference "DifferenceKit" */ = {
			isa = XCRemoteSwiftPackageReference;
			repositoryURL = "https://github.com/ra1028/DifferenceKit";
			requirement = {
				kind = upToNextMajorVersion;
				minimumVersion = 1.3.0;
			};
		};
		2FAD65182CC2735400C3C4CB /* XCRemoteSwiftPackageReference "SDWebImage" */ = {
			isa = XCRemoteSwiftPackageReference;
			repositoryURL = "https://github.com/SDWebImage/SDWebImage";
			requirement = {
				kind = upToNextMajorVersion;
				minimumVersion = 5.19.7;
			};
		};
		2FAD69A22CCA329200C3C4CB /* XCRemoteSwiftPackageReference "ChatLayout" */ = {
			isa = XCRemoteSwiftPackageReference;
			repositoryURL = "https://github.com/ekazaev/ChatLayout.git";
			requirement = {
				kind = upToNextMajorVersion;
				minimumVersion = 2.0.10;
			};
		};
/* End XCRemoteSwiftPackageReference section */

/* Begin XCSwiftPackageProductDependency section */
		2FAD64E52CC2299400C3C4CB /* DifferenceKit */ = {
			isa = XCSwiftPackageProductDependency;
			package = 2FAD64E42CC2299400C3C4CB /* XCRemoteSwiftPackageReference "DifferenceKit" */;
			productName = DifferenceKit;
		};
		2FAD65192CC2735400C3C4CB /* SDWebImage */ = {
			isa = XCSwiftPackageProductDependency;
			package = 2FAD65182CC2735400C3C4CB /* XCRemoteSwiftPackageReference "SDWebImage" */;
			productName = SDWebImage;
		};
		2FAD651B2CC2735400C3C4CB /* SDWebImageMapKit */ = {
			isa = XCSwiftPackageProductDependency;
			package = 2FAD65182CC2735400C3C4CB /* XCRemoteSwiftPackageReference "SDWebImage" */;
			productName = SDWebImageMapKit;
		};
		2FAD69A32CCA329200C3C4CB /* ChatLayout */ = {
			isa = XCSwiftPackageProductDependency;
			package = 2FAD69A22CCA329200C3C4CB /* XCRemoteSwiftPackageReference "ChatLayout" */;
			productName = ChatLayout;
		};
		2FAD69A52CCA329200C3C4CB /* ChatLayoutStatic */ = {
			isa = XCSwiftPackageProductDependency;
			package = 2FAD69A22CCA329200C3C4CB /* XCRemoteSwiftPackageReference "ChatLayout" */;
			productName = ChatLayoutStatic;
		};
/* End XCSwiftPackageProductDependency section */
	};
	rootObject = 2F7B4F052CC20E230058D618 /* Project object */;
}
